// !$*UTF8*$!
{
	archiveVersion = 1;
	classes = {
	};
	objectVersion = 50;
	objects = {

/* Begin PBXBuildFile section */
		4D082B5BD5ECCA8277D4BB29 /* Pods_PatentGG.framework in Frameworks */ = {isa = PBXBuildFile; fileRef = 6BF86B15B09B956EF780D411 /* Pods_PatentGG.framework */; };
		6F0A89FD22AD516000E48325 /* PickDatesViewController.swift in Sources */ = {isa = PBXBuildFile; fileRef = 6F0A89FC22AD516000E48325 /* PickDatesViewController.swift */; };
		6F0D6C6022723D99009DEA54 /* APIPatentManager.swift in Sources */ = {isa = PBXBuildFile; fileRef = 6F0D6C5F22723D99009DEA54 /* APIPatentManager.swift */; };
		6F0D6C6222723DBF009DEA54 /* APIManager.swift in Sources */ = {isa = PBXBuildFile; fileRef = 6F0D6C6122723DBF009DEA54 /* APIManager.swift */; };
		6F0D6C6422723DEB009DEA54 /* ErrorManager.swift in Sources */ = {isa = PBXBuildFile; fileRef = 6F0D6C6322723DEB009DEA54 /* ErrorManager.swift */; };
		6F120946225A634E0094928F /* CountryObject.swift in Sources */ = {isa = PBXBuildFile; fileRef = 6F120945225A634E0094928F /* CountryObject.swift */; };
		6F120948225A69740094928F /* CountriesAndCodes.swift in Sources */ = {isa = PBXBuildFile; fileRef = 6F120947225A69740094928F /* CountriesAndCodes.swift */; };
		6F402FFA22930615002CC022 /* Regions.swift in Sources */ = {isa = PBXBuildFile; fileRef = 6F402FF922930614002CC022 /* Regions.swift */; };
		6F402FFC22930966002CC022 /* RegionsViewController.swift in Sources */ = {isa = PBXBuildFile; fileRef = 6F402FFB22930966002CC022 /* RegionsViewController.swift */; };
		6F62872E2277793E004A052B /* logoForLoadScreen.png in Resources */ = {isa = PBXBuildFile; fileRef = 6F62872D2277793E004A052B /* logoForLoadScreen.png */; };
		6F745142227851F0002A5C9F /* ModelData.swift in Sources */ = {isa = PBXBuildFile; fileRef = 6F745141227851F0002A5C9F /* ModelData.swift */; };
		6F7638A8228050F000D8D184 /* ViewModelModelData.swift in Sources */ = {isa = PBXBuildFile; fileRef = 6F7638A7228050F000D8D184 /* ViewModelModelData.swift */; };
		6F7B5919229D0DAE00CC8A39 /* Country&Region.swift in Sources */ = {isa = PBXBuildFile; fileRef = 6F7B5918229D0DAE00CC8A39 /* Country&Region.swift */; };
		6F7ED07F229D451A00B8CFB3 /* ComparingCountries.swift in Sources */ = {isa = PBXBuildFile; fileRef = 6F7ED07E229D451A00B8CFB3 /* ComparingCountries.swift */; };
		6F7ED081229DA92F00B8CFB3 /* CompareChartViewController.swift in Sources */ = {isa = PBXBuildFile; fileRef = 6F7ED080229DA92F00B8CFB3 /* CompareChartViewController.swift */; };
		6F803A7A226BA17400AD5A69 /* ChartsAndStatistic.swift in Sources */ = {isa = PBXBuildFile; fileRef = 6F803A79226BA17400AD5A69 /* ChartsAndStatistic.swift */; };
		6F81218C225A1C5800CE3FC3 /* AppDelegate.swift in Sources */ = {isa = PBXBuildFile; fileRef = 6F81218B225A1C5800CE3FC3 /* AppDelegate.swift */; };
		6F81218E225A1C5800CE3FC3 /* ViewController.swift in Sources */ = {isa = PBXBuildFile; fileRef = 6F81218D225A1C5800CE3FC3 /* ViewController.swift */; };
		6F812191225A1C5800CE3FC3 /* Main.storyboard in Resources */ = {isa = PBXBuildFile; fileRef = 6F81218F225A1C5800CE3FC3 /* Main.storyboard */; };
		6F812193225A1C5A00CE3FC3 /* Assets.xcassets in Resources */ = {isa = PBXBuildFile; fileRef = 6F812192225A1C5A00CE3FC3 /* Assets.xcassets */; };
		6F812196225A1C5A00CE3FC3 /* LaunchScreen.storyboard in Resources */ = {isa = PBXBuildFile; fileRef = 6F812194225A1C5A00CE3FC3 /* LaunchScreen.storyboard */; };
		6FA84892227E0D2A0023AA97 /* ChartViewController.swift in Sources */ = {isa = PBXBuildFile; fileRef = 6FA84891227E0D2A0023AA97 /* ChartViewController.swift */; };
		6FD6A9E72290A43E000B66D6 /* PickingCountriesViewController.swift in Sources */ = {isa = PBXBuildFile; fileRef = 6FD6A9E62290A43E000B66D6 /* PickingCountriesViewController.swift */; };
		6FED6CA92273331B00BC84A1 /* 120.png in Resources */ = {isa = PBXBuildFile; fileRef = 6FED6CA82273331B00BC84A1 /* 120.png */; };
		6FFCF1682279CAA800395134 /* ValuesReturning.swift in Sources */ = {isa = PBXBuildFile; fileRef = 6FFCF1672279CAA800395134 /* ValuesReturning.swift */; };
		6FFCF16A2279FB5B00395134 /* FirstViewController.swift in Sources */ = {isa = PBXBuildFile; fileRef = 6FFCF1692279FB5B00395134 /* FirstViewController.swift */; };
/* End PBXBuildFile section */

/* Begin PBXFileReference section */
		6BF86B15B09B956EF780D411 /* Pods_PatentGG.framework */ = {isa = PBXFileReference; explicitFileType = wrapper.framework; includeInIndex = 0; path = Pods_PatentGG.framework; sourceTree = BUILT_PRODUCTS_DIR; };
		6F0A89FC22AD516000E48325 /* PickDatesViewController.swift */ = {isa = PBXFileReference; lastKnownFileType = sourcecode.swift; path = PickDatesViewController.swift; sourceTree = "<group>"; };
		6F0D6C5F22723D99009DEA54 /* APIPatentManager.swift */ = {isa = PBXFileReference; lastKnownFileType = sourcecode.swift; path = APIPatentManager.swift; sourceTree = "<group>"; };
		6F0D6C6122723DBF009DEA54 /* APIManager.swift */ = {isa = PBXFileReference; lastKnownFileType = sourcecode.swift; path = APIManager.swift; sourceTree = "<group>"; };
		6F0D6C6322723DEB009DEA54 /* ErrorManager.swift */ = {isa = PBXFileReference; lastKnownFileType = sourcecode.swift; path = ErrorManager.swift; sourceTree = "<group>"; };
		6F120945225A634E0094928F /* CountryObject.swift */ = {isa = PBXFileReference; lastKnownFileType = sourcecode.swift; path = CountryObject.swift; sourceTree = "<group>"; };
		6F120947225A69740094928F /* CountriesAndCodes.swift */ = {isa = PBXFileReference; lastKnownFileType = sourcecode.swift; path = CountriesAndCodes.swift; sourceTree = "<group>"; };
		6F402FF922930614002CC022 /* Regions.swift */ = {isa = PBXFileReference; lastKnownFileType = sourcecode.swift; path = Regions.swift; sourceTree = "<group>"; };
		6F402FFB22930966002CC022 /* RegionsViewController.swift */ = {isa = PBXFileReference; lastKnownFileType = sourcecode.swift; path = RegionsViewController.swift; sourceTree = "<group>"; };
		6F62872D2277793E004A052B /* logoForLoadScreen.png */ = {isa = PBXFileReference; lastKnownFileType = image.png; path = logoForLoadScreen.png; sourceTree = SOURCE_ROOT; };
		6F745141227851F0002A5C9F /* ModelData.swift */ = {isa = PBXFileReference; lastKnownFileType = sourcecode.swift; path = ModelData.swift; sourceTree = "<group>"; };
		6F7638A7228050F000D8D184 /* ViewModelModelData.swift */ = {isa = PBXFileReference; lastKnownFileType = sourcecode.swift; path = ViewModelModelData.swift; sourceTree = "<group>"; };
		6F7B5918229D0DAE00CC8A39 /* Country&Region.swift */ = {isa = PBXFileReference; lastKnownFileType = sourcecode.swift; path = "Country&Region.swift"; sourceTree = "<group>"; };
		6F7ED07E229D451A00B8CFB3 /* ComparingCountries.swift */ = {isa = PBXFileReference; lastKnownFileType = sourcecode.swift; path = ComparingCountries.swift; sourceTree = "<group>"; };
		6F7ED080229DA92F00B8CFB3 /* CompareChartViewController.swift */ = {isa = PBXFileReference; lastKnownFileType = sourcecode.swift; path = CompareChartViewController.swift; sourceTree = "<group>"; };
		6F803A79226BA17400AD5A69 /* ChartsAndStatistic.swift */ = {isa = PBXFileReference; lastKnownFileType = sourcecode.swift; path = ChartsAndStatistic.swift; sourceTree = "<group>"; };
		6F812188225A1C5800CE3FC3 /* PatentGG.app */ = {isa = PBXFileReference; explicitFileType = wrapper.application; includeInIndex = 0; path = PatentGG.app; sourceTree = BUILT_PRODUCTS_DIR; };
		6F81218B225A1C5800CE3FC3 /* AppDelegate.swift */ = {isa = PBXFileReference; lastKnownFileType = sourcecode.swift; path = AppDelegate.swift; sourceTree = "<group>"; };
		6F81218D225A1C5800CE3FC3 /* ViewController.swift */ = {isa = PBXFileReference; lastKnownFileType = sourcecode.swift; path = ViewController.swift; sourceTree = "<group>"; };
		6F812190225A1C5800CE3FC3 /* Base */ = {isa = PBXFileReference; lastKnownFileType = file.storyboard; name = Base; path = Base.lproj/Main.storyboard; sourceTree = "<group>"; };
		6F812192225A1C5A00CE3FC3 /* Assets.xcassets */ = {isa = PBXFileReference; lastKnownFileType = folder.assetcatalog; path = Assets.xcassets; sourceTree = "<group>"; };
		6F812195225A1C5A00CE3FC3 /* Base */ = {isa = PBXFileReference; lastKnownFileType = file.storyboard; name = Base; path = Base.lproj/LaunchScreen.storyboard; sourceTree = "<group>"; };
		6F812197225A1C5A00CE3FC3 /* Info.plist */ = {isa = PBXFileReference; lastKnownFileType = text.plist.xml; path = Info.plist; sourceTree = "<group>"; };
		6FA84891227E0D2A0023AA97 /* ChartViewController.swift */ = {isa = PBXFileReference; lastKnownFileType = sourcecode.swift; path = ChartViewController.swift; sourceTree = "<group>"; };
		6FD6A9E62290A43E000B66D6 /* PickingCountriesViewController.swift */ = {isa = PBXFileReference; lastKnownFileType = sourcecode.swift; path = PickingCountriesViewController.swift; sourceTree = "<group>"; };
		6FED6CA82273331B00BC84A1 /* 120.png */ = {isa = PBXFileReference; lastKnownFileType = image.png; path = 120.png; sourceTree = SOURCE_ROOT; };
		6FFCF1672279CAA800395134 /* ValuesReturning.swift */ = {isa = PBXFileReference; lastKnownFileType = sourcecode.swift; path = ValuesReturning.swift; sourceTree = "<group>"; };
		6FFCF1692279FB5B00395134 /* FirstViewController.swift */ = {isa = PBXFileReference; lastKnownFileType = sourcecode.swift; path = FirstViewController.swift; sourceTree = "<group>"; };
		7220EFA105B47CF5B95941E2 /* Pods-PatentGG.debug.xcconfig */ = {isa = PBXFileReference; includeInIndex = 1; lastKnownFileType = text.xcconfig; name = "Pods-PatentGG.debug.xcconfig"; path = "Target Support Files/Pods-PatentGG/Pods-PatentGG.debug.xcconfig"; sourceTree = "<group>"; };
		F79F3E62638A3C366C7BDC88 /* Pods-PatentGG.release.xcconfig */ = {isa = PBXFileReference; includeInIndex = 1; lastKnownFileType = text.xcconfig; name = "Pods-PatentGG.release.xcconfig"; path = "Target Support Files/Pods-PatentGG/Pods-PatentGG.release.xcconfig"; sourceTree = "<group>"; };
/* End PBXFileReference section */

/* Begin PBXFrameworksBuildPhase section */
		6F812185225A1C5800CE3FC3 /* Frameworks */ = {
			isa = PBXFrameworksBuildPhase;
			buildActionMask = 2147483647;
			files = (
				4D082B5BD5ECCA8277D4BB29 /* Pods_PatentGG.framework in Frameworks */,
			);
			runOnlyForDeploymentPostprocessing = 0;
		};
/* End PBXFrameworksBuildPhase section */

/* Begin PBXGroup section */
		008B43CBAD3BA6E8CCFBDCDD /* Frameworks */ = {
			isa = PBXGroup;
			children = (
				6BF86B15B09B956EF780D411 /* Pods_PatentGG.framework */,
			);
			name = Frameworks;
			sourceTree = "<group>";
		};
		3A1B4453DA4BB4F9EA695AF9 /* Pods */ = {
			isa = PBXGroup;
			children = (
				7220EFA105B47CF5B95941E2 /* Pods-PatentGG.debug.xcconfig */,
				F79F3E62638A3C366C7BDC88 /* Pods-PatentGG.release.xcconfig */,
			);
			path = Pods;
			sourceTree = "<group>";
		};
		6F74513D22784AEF002A5C9F /* Model */ = {
			isa = PBXGroup;
			children = (
				6F803A79226BA17400AD5A69 /* ChartsAndStatistic.swift */,
				6FD9CD312268678F00414B34 /* Country */,
				6FE85D482270DF4600F907FB /* APi */,
			);
			path = Model;
			sourceTree = "<group>";
		};
		6F74513E22784B0E002A5C9F /* View */ = {
			isa = PBXGroup;
			children = (
				6FFCF1692279FB5B00395134 /* FirstViewController.swift */,
				6F81218D225A1C5800CE3FC3 /* ViewController.swift */,
				6FA84891227E0D2A0023AA97 /* ChartViewController.swift */,
				6F402FFB22930966002CC022 /* RegionsViewController.swift */,
				6FD6A9E62290A43E000B66D6 /* PickingCountriesViewController.swift */,
				6F7ED080229DA92F00B8CFB3 /* CompareChartViewController.swift */,
				6F0A89FC22AD516000E48325 /* PickDatesViewController.swift */,
			);
			path = View;
			sourceTree = "<group>";
		};
		6F74514022784B2C002A5C9F /* ViewModel */ = {
			isa = PBXGroup;
			children = (
				6F745141227851F0002A5C9F /* ModelData.swift */,
				6FFCF1672279CAA800395134 /* ValuesReturning.swift */,
				6F7ED07E229D451A00B8CFB3 /* ComparingCountries.swift */,
			);
			path = ViewModel;
			sourceTree = "<group>";
		};
		6F7638A6228050A700D8D184 /* Protocols */ = {
			isa = PBXGroup;
			children = (
				6F7638A7228050F000D8D184 /* ViewModelModelData.swift */,
				6F7B5918229D0DAE00CC8A39 /* Country&Region.swift */,
			);
			path = Protocols;
			sourceTree = "<group>";
		};
		6F81217F225A1C5800CE3FC3 = {
			isa = PBXGroup;
			children = (
				6F81218A225A1C5800CE3FC3 /* PatentGG */,
				6F812189225A1C5800CE3FC3 /* Products */,
				3A1B4453DA4BB4F9EA695AF9 /* Pods */,
				008B43CBAD3BA6E8CCFBDCDD /* Frameworks */,
			);
			sourceTree = "<group>";
		};
		6F812189225A1C5800CE3FC3 /* Products */ = {
			isa = PBXGroup;
			children = (
				6F812188225A1C5800CE3FC3 /* PatentGG.app */,
			);
			name = Products;
			sourceTree = "<group>";
		};
		6F81218A225A1C5800CE3FC3 /* PatentGG */ = {
			isa = PBXGroup;
			children = (
				6F74513D22784AEF002A5C9F /* Model */,
				6F74513E22784B0E002A5C9F /* View */,
				6F74514022784B2C002A5C9F /* ViewModel */,
				6F7638A6228050A700D8D184 /* Protocols */,
				6F81218F225A1C5800CE3FC3 /* Main.storyboard */,
				6F81218B225A1C5800CE3FC3 /* AppDelegate.swift */,
				6F812192225A1C5A00CE3FC3 /* Assets.xcassets */,
				6F62872D2277793E004A052B /* logoForLoadScreen.png */,
				6FED6CA82273331B00BC84A1 /* 120.png */,
				6F812194225A1C5A00CE3FC3 /* LaunchScreen.storyboard */,
				6F812197225A1C5A00CE3FC3 /* Info.plist */,
			);
			path = PatentGG;
			sourceTree = "<group>";
		};
		6FD9CD312268678F00414B34 /* Country */ = {
			isa = PBXGroup;
			children = (
				6F120947225A69740094928F /* CountriesAndCodes.swift */,
				6F402FF922930614002CC022 /* Regions.swift */,
				6F120945225A634E0094928F /* CountryObject.swift */,
			);
			path = Country;
			sourceTree = "<group>";
		};
		6FE85D482270DF4600F907FB /* APi */ = {
			isa = PBXGroup;
			children = (
				6F0D6C5F22723D99009DEA54 /* APIPatentManager.swift */,
				6F0D6C6122723DBF009DEA54 /* APIManager.swift */,
				6F0D6C6322723DEB009DEA54 /* ErrorManager.swift */,
			);
			path = APi;
			sourceTree = "<group>";
		};
/* End PBXGroup section */

/* Begin PBXNativeTarget section */
		6F812187225A1C5800CE3FC3 /* PatentGG */ = {
			isa = PBXNativeTarget;
			buildConfigurationList = 6F81219A225A1C5A00CE3FC3 /* Build configuration list for PBXNativeTarget "PatentGG" */;
			buildPhases = (
				31555446CDA09CE3492B0190 /* [CP] Check Pods Manifest.lock */,
				6F812184225A1C5800CE3FC3 /* Sources */,
				6F812185225A1C5800CE3FC3 /* Frameworks */,
				6F812186225A1C5800CE3FC3 /* Resources */,
				95C8671B514CDB053E0E13FF /* [CP] Embed Pods Frameworks */,
			);
			buildRules = (
			);
			dependencies = (
			);
			name = PatentGG;
			productName = PatentGG;
			productReference = 6F812188225A1C5800CE3FC3 /* PatentGG.app */;
			productType = "com.apple.product-type.application";
		};
/* End PBXNativeTarget section */

/* Begin PBXProject section */
		6F812180225A1C5800CE3FC3 /* Project object */ = {
			isa = PBXProject;
			attributes = {
				LastSwiftUpdateCheck = 1010;
				LastUpgradeCheck = 1010;
				ORGANIZATIONNAME = "Anton Ablamskiy";
				TargetAttributes = {
					6F812187225A1C5800CE3FC3 = {
						CreatedOnToolsVersion = 10.1;
						LastSwiftMigration = 1020;
					};
				};
			};
			buildConfigurationList = 6F812183225A1C5800CE3FC3 /* Build configuration list for PBXProject "PatentGG" */;
			compatibilityVersion = "Xcode 9.3";
			developmentRegion = en;
			hasScannedForEncodings = 0;
			knownRegions = (
				en,
				Base,
			);
			mainGroup = 6F81217F225A1C5800CE3FC3;
			productRefGroup = 6F812189225A1C5800CE3FC3 /* Products */;
			projectDirPath = "";
			projectRoot = "";
			targets = (
				6F812187225A1C5800CE3FC3 /* PatentGG */,
			);
		};
/* End PBXProject section */

/* Begin PBXResourcesBuildPhase section */
		6F812186225A1C5800CE3FC3 /* Resources */ = {
			isa = PBXResourcesBuildPhase;
			buildActionMask = 2147483647;
			files = (
				6F62872E2277793E004A052B /* logoForLoadScreen.png in Resources */,
				6F812196225A1C5A00CE3FC3 /* LaunchScreen.storyboard in Resources */,
				6FED6CA92273331B00BC84A1 /* 120.png in Resources */,
				6F812193225A1C5A00CE3FC3 /* Assets.xcassets in Resources */,
				6F812191225A1C5800CE3FC3 /* Main.storyboard in Resources */,
			);
			runOnlyForDeploymentPostprocessing = 0;
		};
/* End PBXResourcesBuildPhase section */

/* Begin PBXShellScriptBuildPhase section */
		31555446CDA09CE3492B0190 /* [CP] Check Pods Manifest.lock */ = {
			isa = PBXShellScriptBuildPhase;
			buildActionMask = 2147483647;
			files = (
			);
			inputFileListPaths = (
			);
			inputPaths = (
				"${PODS_PODFILE_DIR_PATH}/Podfile.lock",
				"${PODS_ROOT}/Manifest.lock",
			);
			name = "[CP] Check Pods Manifest.lock";
			outputFileListPaths = (
			);
			outputPaths = (
				"$(DERIVED_FILE_DIR)/Pods-PatentGG-checkManifestLockResult.txt",
			);
			runOnlyForDeploymentPostprocessing = 0;
			shellPath = /bin/sh;
			shellScript = "diff \"${PODS_PODFILE_DIR_PATH}/Podfile.lock\" \"${PODS_ROOT}/Manifest.lock\" > /dev/null\nif [ $? != 0 ] ; then\n    # print error to STDERR\n    echo \"error: The sandbox is not in sync with the Podfile.lock. Run 'pod install' or update your CocoaPods installation.\" >&2\n    exit 1\nfi\n# This output is used by Xcode 'outputs' to avoid re-running this script phase.\necho \"SUCCESS\" > \"${SCRIPT_OUTPUT_FILE_0}\"\n";
			showEnvVarsInLog = 0;
		};
		95C8671B514CDB053E0E13FF /* [CP] Embed Pods Frameworks */ = {
			isa = PBXShellScriptBuildPhase;
			buildActionMask = 2147483647;
			files = (
			);
			inputFileListPaths = (
			);
			inputPaths = (
				"${PODS_ROOT}/Target Support Files/Pods-PatentGG/Pods-PatentGG-frameworks.sh",
				"${BUILT_PRODUCTS_DIR}/Charts/Charts.framework",
				"${BUILT_PRODUCTS_DIR}/SPStorkController/SPStorkController.framework",
			);
			name = "[CP] Embed Pods Frameworks";
			outputFileListPaths = (
			);
			outputPaths = (
				"${TARGET_BUILD_DIR}/${FRAMEWORKS_FOLDER_PATH}/Charts.framework",
				"${TARGET_BUILD_DIR}/${FRAMEWORKS_FOLDER_PATH}/SPStorkController.framework",
			);
			runOnlyForDeploymentPostprocessing = 0;
			shellPath = /bin/sh;
			shellScript = "\"${PODS_ROOT}/Target Support Files/Pods-PatentGG/Pods-PatentGG-frameworks.sh\"\n";
			showEnvVarsInLog = 0;
		};
/* End PBXShellScriptBuildPhase section */

/* Begin PBXSourcesBuildPhase section */
		6F812184225A1C5800CE3FC3 /* Sources */ = {
			isa = PBXSourcesBuildPhase;
			buildActionMask = 2147483647;
			files = (
				6F0D6C6022723D99009DEA54 /* APIPatentManager.swift in Sources */,
				6F7ED081229DA92F00B8CFB3 /* CompareChartViewController.swift in Sources */,
				6F803A7A226BA17400AD5A69 /* ChartsAndStatistic.swift in Sources */,
				6F745142227851F0002A5C9F /* ModelData.swift in Sources */,
				6F0D6C6422723DEB009DEA54 /* ErrorManager.swift in Sources */,
				6FA84892227E0D2A0023AA97 /* ChartViewController.swift in Sources */,
				6F81218E225A1C5800CE3FC3 /* ViewController.swift in Sources */,
				6F120946225A634E0094928F /* CountryObject.swift in Sources */,
				6FFCF1682279CAA800395134 /* ValuesReturning.swift in Sources */,
				6F81218C225A1C5800CE3FC3 /* AppDelegate.swift in Sources */,
				6F7B5919229D0DAE00CC8A39 /* Country&Region.swift in Sources */,
				6F7638A8228050F000D8D184 /* ViewModelModelData.swift in Sources */,
				6F402FFC22930966002CC022 /* RegionsViewController.swift in Sources */,
				6FD6A9E72290A43E000B66D6 /* PickingCountriesViewController.swift in Sources */,
				6F120948225A69740094928F /* CountriesAndCodes.swift in Sources */,
				6F0A89FD22AD516000E48325 /* PickDatesViewController.swift in Sources */,
				6F0D6C6222723DBF009DEA54 /* APIManager.swift in Sources */,
				6F7ED07F229D451A00B8CFB3 /* ComparingCountries.swift in Sources */,
				6FFCF16A2279FB5B00395134 /* FirstViewController.swift in Sources */,
				6F402FFA22930615002CC022 /* Regions.swift in Sources */,
			);
			runOnlyForDeploymentPostprocessing = 0;
		};
/* End PBXSourcesBuildPhase section */

/* Begin PBXVariantGroup section */
		6F81218F225A1C5800CE3FC3 /* Main.storyboard */ = {
			isa = PBXVariantGroup;
			children = (
				6F812190225A1C5800CE3FC3 /* Base */,
			);
			name = Main.storyboard;
			sourceTree = "<group>";
		};
		6F812194225A1C5A00CE3FC3 /* LaunchScreen.storyboard */ = {
			isa = PBXVariantGroup;
			children = (
				6F812195225A1C5A00CE3FC3 /* Base */,
			);
			name = LaunchScreen.storyboard;
			sourceTree = "<group>";
		};
/* End PBXVariantGroup section */

/* Begin XCBuildConfiguration section */
		6F812198225A1C5A00CE3FC3 /* Debug */ = {
			isa = XCBuildConfiguration;
			buildSettings = {
				ALWAYS_SEARCH_USER_PATHS = NO;
				CLANG_ANALYZER_NONNULL = YES;
				CLANG_ANALYZER_NUMBER_OBJECT_CONVERSION = YES_AGGRESSIVE;
				CLANG_CXX_LANGUAGE_STANDARD = "gnu++14";
				CLANG_CXX_LIBRARY = "libc++";
				CLANG_ENABLE_MODULES = YES;
				CLANG_ENABLE_OBJC_ARC = YES;
				CLANG_ENABLE_OBJC_WEAK = YES;
				CLANG_WARN_BLOCK_CAPTURE_AUTORELEASING = YES;
				CLANG_WARN_BOOL_CONVERSION = YES;
				CLANG_WARN_COMMA = YES;
				CLANG_WARN_CONSTANT_CONVERSION = YES;
				CLANG_WARN_DEPRECATED_OBJC_IMPLEMENTATIONS = YES;
				CLANG_WARN_DIRECT_OBJC_ISA_USAGE = YES_ERROR;
				CLANG_WARN_DOCUMENTATION_COMMENTS = YES;
				CLANG_WARN_EMPTY_BODY = YES;
				CLANG_WARN_ENUM_CONVERSION = YES;
				CLANG_WARN_INFINITE_RECURSION = YES;
				CLANG_WARN_INT_CONVERSION = YES;
				CLANG_WARN_NON_LITERAL_NULL_CONVERSION = YES;
				CLANG_WARN_OBJC_IMPLICIT_RETAIN_SELF = YES;
				CLANG_WARN_OBJC_LITERAL_CONVERSION = YES;
				CLANG_WARN_OBJC_ROOT_CLASS = YES_ERROR;
				CLANG_WARN_RANGE_LOOP_ANALYSIS = YES;
				CLANG_WARN_STRICT_PROTOTYPES = YES;
				CLANG_WARN_SUSPICIOUS_MOVE = YES;
				CLANG_WARN_UNGUARDED_AVAILABILITY = YES_AGGRESSIVE;
				CLANG_WARN_UNREACHABLE_CODE = YES;
				CLANG_WARN__DUPLICATE_METHOD_MATCH = YES;
				CODE_SIGN_IDENTITY = "iPhone Developer";
				COPY_PHASE_STRIP = NO;
				DEBUG_INFORMATION_FORMAT = dwarf;
				ENABLE_STRICT_OBJC_MSGSEND = YES;
				ENABLE_TESTABILITY = YES;
				GCC_C_LANGUAGE_STANDARD = gnu11;
				GCC_DYNAMIC_NO_PIC = NO;
				GCC_NO_COMMON_BLOCKS = YES;
				GCC_OPTIMIZATION_LEVEL = 0;
				GCC_PREPROCESSOR_DEFINITIONS = (
					"DEBUG=1",
					"$(inherited)",
				);
				GCC_WARN_64_TO_32_BIT_CONVERSION = YES;
				GCC_WARN_ABOUT_RETURN_TYPE = YES_ERROR;
				GCC_WARN_UNDECLARED_SELECTOR = YES;
				GCC_WARN_UNINITIALIZED_AUTOS = YES_AGGRESSIVE;
				GCC_WARN_UNUSED_FUNCTION = YES;
				GCC_WARN_UNUSED_VARIABLE = YES;
				IPHONEOS_DEPLOYMENT_TARGET = 12.1;
				MTL_ENABLE_DEBUG_INFO = INCLUDE_SOURCE;
				MTL_FAST_MATH = YES;
				ONLY_ACTIVE_ARCH = YES;
				SDKROOT = iphoneos;
				SWIFT_ACTIVE_COMPILATION_CONDITIONS = DEBUG;
				SWIFT_OPTIMIZATION_LEVEL = "-Onone";
			};
			name = Debug;
		};
		6F812199225A1C5A00CE3FC3 /* Release */ = {
			isa = XCBuildConfiguration;
			buildSettings = {
				ALWAYS_SEARCH_USER_PATHS = NO;
				CLANG_ANALYZER_NONNULL = YES;
				CLANG_ANALYZER_NUMBER_OBJECT_CONVERSION = YES_AGGRESSIVE;
				CLANG_CXX_LANGUAGE_STANDARD = "gnu++14";
				CLANG_CXX_LIBRARY = "libc++";
				CLANG_ENABLE_MODULES = YES;
				CLANG_ENABLE_OBJC_ARC = YES;
				CLANG_ENABLE_OBJC_WEAK = YES;
				CLANG_WARN_BLOCK_CAPTURE_AUTORELEASING = YES;
				CLANG_WARN_BOOL_CONVERSION = YES;
				CLANG_WARN_COMMA = YES;
				CLANG_WARN_CONSTANT_CONVERSION = YES;
				CLANG_WARN_DEPRECATED_OBJC_IMPLEMENTATIONS = YES;
				CLANG_WARN_DIRECT_OBJC_ISA_USAGE = YES_ERROR;
				CLANG_WARN_DOCUMENTATION_COMMENTS = YES;
				CLANG_WARN_EMPTY_BODY = YES;
				CLANG_WARN_ENUM_CONVERSION = YES;
				CLANG_WARN_INFINITE_RECURSION = YES;
				CLANG_WARN_INT_CONVERSION = YES;
				CLANG_WARN_NON_LITERAL_NULL_CONVERSION = YES;
				CLANG_WARN_OBJC_IMPLICIT_RETAIN_SELF = YES;
				CLANG_WARN_OBJC_LITERAL_CONVERSION = YES;
				CLANG_WARN_OBJC_ROOT_CLASS = YES_ERROR;
				CLANG_WARN_RANGE_LOOP_ANALYSIS = YES;
				CLANG_WARN_STRICT_PROTOTYPES = YES;
				CLANG_WARN_SUSPICIOUS_MOVE = YES;
				CLANG_WARN_UNGUARDED_AVAILABILITY = YES_AGGRESSIVE;
				CLANG_WARN_UNREACHABLE_CODE = YES;
				CLANG_WARN__DUPLICATE_METHOD_MATCH = YES;
				CODE_SIGN_IDENTITY = "iPhone Developer";
				COPY_PHASE_STRIP = NO;
				DEBUG_INFORMATION_FORMAT = "dwarf-with-dsym";
				ENABLE_NS_ASSERTIONS = NO;
				ENABLE_STRICT_OBJC_MSGSEND = YES;
				GCC_C_LANGUAGE_STANDARD = gnu11;
				GCC_NO_COMMON_BLOCKS = YES;
				GCC_WARN_64_TO_32_BIT_CONVERSION = YES;
				GCC_WARN_ABOUT_RETURN_TYPE = YES_ERROR;
				GCC_WARN_UNDECLARED_SELECTOR = YES;
				GCC_WARN_UNINITIALIZED_AUTOS = YES_AGGRESSIVE;
				GCC_WARN_UNUSED_FUNCTION = YES;
				GCC_WARN_UNUSED_VARIABLE = YES;
				IPHONEOS_DEPLOYMENT_TARGET = 12.1;
				MTL_ENABLE_DEBUG_INFO = NO;
				MTL_FAST_MATH = YES;
				SDKROOT = iphoneos;
				SWIFT_COMPILATION_MODE = wholemodule;
				SWIFT_OPTIMIZATION_LEVEL = "-O";
				VALIDATE_PRODUCT = YES;
			};
			name = Release;
		};
		6F81219B225A1C5A00CE3FC3 /* Debug */ = {
			isa = XCBuildConfiguration;
			baseConfigurationReference = 7220EFA105B47CF5B95941E2 /* Pods-PatentGG.debug.xcconfig */;
			buildSettings = {
				ASSETCATALOG_COMPILER_APPICON_NAME = AppIcon;
				CODE_SIGN_STYLE = Automatic;
				INFOPLIST_FILE = PatentGG/Info.plist;
				LD_RUNPATH_SEARCH_PATHS = (
					"$(inherited)",
					"@executable_path/Frameworks",
				);
				PRODUCT_BUNDLE_IDENTIFIER = ablmsky.PatentGG;
				PRODUCT_NAME = "$(TARGET_NAME)";
				SWIFT_VERSION = 4.2;
				TARGETED_DEVICE_FAMILY = "1,2";
			};
			name = Debug;
		};
		6F81219C225A1C5A00CE3FC3 /* Release */ = {
			isa = XCBuildConfiguration;
			baseConfigurationReference = F79F3E62638A3C366C7BDC88 /* Pods-PatentGG.release.xcconfig */;
			buildSettings = {
				ASSETCATALOG_COMPILER_APPICON_NAME = AppIcon;
				CODE_SIGN_STYLE = Automatic;
				INFOPLIST_FILE = PatentGG/Info.plist;
				LD_RUNPATH_SEARCH_PATHS = (
					"$(inherited)",
					"@executable_path/Frameworks",
				);
				PRODUCT_BUNDLE_IDENTIFIER = ablmsky.PatentGG;
				PRODUCT_NAME = "$(TARGET_NAME)";
				SWIFT_VERSION = 4.2;
				TARGETED_DEVICE_FAMILY = "1,2";
			};
			name = Release;
		};
/* End XCBuildConfiguration section */

/* Begin XCConfigurationList section */
		6F812183225A1C5800CE3FC3 /* Build configuration list for PBXProject "PatentGG" */ = {
			isa = XCConfigurationList;
			buildConfigurations = (
				6F812198225A1C5A00CE3FC3 /* Debug */,
				6F812199225A1C5A00CE3FC3 /* Release */,
			);
			defaultConfigurationIsVisible = 0;
			defaultConfigurationName = Release;
		};
		6F81219A225A1C5A00CE3FC3 /* Build configuration list for PBXNativeTarget "PatentGG" */ = {
			isa = XCConfigurationList;
			buildConfigurations = (
				6F81219B225A1C5A00CE3FC3 /* Debug */,
				6F81219C225A1C5A00CE3FC3 /* Release */,
			);
			defaultConfigurationIsVisible = 0;
			defaultConfigurationName = Release;
		};
/* End XCConfigurationList section */
	};
	rootObject = 6F812180225A1C5800CE3FC3 /* Project object */;
}
